
Microsoft Visual Studio Solution File, Format Version 12.00
# Visual Studio Version 17
VisualStudioVersion = 17.0.31903.59
MinimumVisualStudioVersion = 10.0.40219.1
Project("{FAE04EC0-301F-11D3-BF4B-00C04F79EFBC}") = "API", "API\API.csproj", "{DB7B4709-C073-40CD-872F-24914A1E6759}"
EndProject
Project("{FAE04EC0-301F-11D3-BF4B-00C04F79EFBC}") = "Domain", "Domain\Domain.csproj", "{83ECA99D-419B-4E35-9142-C74FC4FBF02A}"
EndProject
Project("{FAE04EC0-301F-11D3-BF4B-00C04F79EFBC}") = "Application", "Application\Application.csproj", "{4257B0D2-668C-46E7-B8C9-5CFC3FC33352}"
EndProject
Project("{FAE04EC0-301F-11D3-BF4B-00C04F79EFBC}") = "Persistence", "Persistence\Persistence.csproj", "{BCF986B1-4A36-4F0E-B009-64805F5AFD42}"
EndProject
Global
	GlobalSection(SolutionConfigurationPlatforms) = preSolution
		Debug|Any CPU = Debug|Any CPU
		Release|Any CPU = Release|Any CPU
	EndGlobalSection
	GlobalSection(SolutionProperties) = preSolution
		HideSolutionNode = FALSE
	EndGlobalSection
	GlobalSection(ProjectConfigurationPlatforms) = postSolution
		{DB7B4709-C073-40CD-872F-24914A1E6759}.Debug|Any CPU.ActiveCfg = Debug|Any CPU
		{DB7B4709-C073-40CD-872F-24914A1E6759}.Debug|Any CPU.Build.0 = Debug|Any CPU
		{DB7B4709-C073-40CD-872F-24914A1E6759}.Release|Any CPU.ActiveCfg = Release|Any CPU
		{DB7B4709-C073-40CD-872F-24914A1E6759}.Release|Any CPU.Build.0 = Release|Any CPU
		{83ECA99D-419B-4E35-9142-C74FC4FBF02A}.Debug|Any CPU.ActiveCfg = Debug|Any CPU
		{83ECA99D-419B-4E35-9142-C74FC4FBF02A}.Debug|Any CPU.Build.0 = Debug|Any CPU
		{83ECA99D-419B-4E35-9142-C74FC4FBF02A}.Release|Any CPU.ActiveCfg = Release|Any CPU
		{83ECA99D-419B-4E35-9142-C74FC4FBF02A}.Release|Any CPU.Build.0 = Release|Any CPU
		{4257B0D2-668C-46E7-B8C9-5CFC3FC33352}.Debug|Any CPU.ActiveCfg = Debug|Any CPU
		{4257B0D2-668C-46E7-B8C9-5CFC3FC33352}.Debug|Any CPU.Build.0 = Debug|Any CPU
		{4257B0D2-668C-46E7-B8C9-5CFC3FC33352}.Release|Any CPU.ActiveCfg = Release|Any CPU
		{4257B0D2-668C-46E7-B8C9-5CFC3FC33352}.Release|Any CPU.Build.0 = Release|Any CPU
		{BCF986B1-4A36-4F0E-B009-64805F5AFD42}.Debug|Any CPU.ActiveCfg = Debug|Any CPU
		{BCF986B1-4A36-4F0E-B009-64805F5AFD42}.Debug|Any CPU.Build.0 = Debug|Any CPU
		{BCF986B1-4A36-4F0E-B009-64805F5AFD42}.Release|Any CPU.ActiveCfg = Release|Any CPU
		{BCF986B1-4A36-4F0E-B009-64805F5AFD42}.Release|Any CPU.Build.0 = Release|Any CPU
	EndGlobalSection
EndGlobal
